
Microsoft Visual Studio Solution File, Format Version 12.00
# Visual Studio Version 17
VisualStudioVersion = 17.11.35208.52
MinimumVisualStudioVersion = 10.0.40219.1
Project("{2150E333-8FDC-42A3-9474-1A3956D46DE8}") = "RentalCar", "RentalCar", "{D3A6491B-B6FA-4B35-95D8-2ED816EBF563}"
EndProject
Project("{2150E333-8FDC-42A3-9474-1A3956D46DE8}") = "adapter", "adapter", "{1F4E98FF-28C4-4C6F-B015-013749A046C4}"
EndProject
Project("{2150E333-8FDC-42A3-9474-1A3956D46DE8}") = "In", "In", "{D03CFB4B-F180-44A2-AD3B-339694F060D4}"
EndProject
Project("{2150E333-8FDC-42A3-9474-1A3956D46DE8}") = "Out", "Out", "{A79D1A40-2E2D-484F-B838-C154DFD646FB}"
EndProject
Project("{2150E333-8FDC-42A3-9474-1A3956D46DE8}") = "Configuration", "Configuration", "{10876382-D961-4401-8E99-0768FA46D216}"
EndProject
Project("{2150E333-8FDC-42A3-9474-1A3956D46DE8}") = "UnitTest", "UnitTest", "{288242AF-012D-4BB9-8467-908488417D6B}"
EndProject
Project("{9A19103F-16F7-4668-BE54-9A1E7A4F7556}") = "RentalCar.Domain", "RentalCar.Domain\RentalCar.Domain.csproj", "{659FE4E0-DF1D-4B77-AD68-0E3C1DAEC7BA}"
EndProject
Project("{9A19103F-16F7-4668-BE54-9A1E7A4F7556}") = "RentalCar.DomainTests", "RentalCar.DomainTests\RentalCar.DomainTests.csproj", "{61CBF81B-21B2-4D5C-8339-D24D14B745B2}"
EndProject
Project("{9A19103F-16F7-4668-BE54-9A1E7A4F7556}") = "RentalCar.Application", "RentalCar.Application\RentalCar.Application.csproj", "{71BAD1F7-8F13-40AD-8A9D-95039AF8FCCC}"
EndProject
Project("{2150E333-8FDC-42A3-9474-1A3956D46DE8}") = "DB", "DB", "{447A7090-0E3A-42AC-9623-CDDC52C624F5}"
EndProject
Project("{FAE04EC0-301F-11D3-BF4B-00C04F79EFBC}") = "RentalCar.Infrastructure", "RentalCar.Infrastructure\RentalCar.Infrastructure.csproj", "{02A828DB-6083-43C4-8630-E8AE4FFF8C83}"
EndProject
Project("{FAE04EC0-301F-11D3-BF4B-00C04F79EFBC}") = "RentalCar.Web", "RentalCar.Web\RentalCar.Web.csproj", "{E73FC9CB-F920-4EC0-B162-B0FEE10E912D}"
EndProject
Project("{FAE04EC0-301F-11D3-BF4B-00C04F79EFBC}") = "EasyArchitectV2Lab.ApiControllerBase", "EasyArchitectV2Lab.ApiControllerBase\EasyArchitectV2Lab.ApiControllerBase.csproj", "{E261A4A0-445F-4BDC-AA46-D3D69FE24881}"
EndProject
Project("{FAE04EC0-301F-11D3-BF4B-00C04F79EFBC}") = "EasyArchitectV2Lab.AuthExtensions", "EasyArchitectV2Lab.AuthExtensions\EasyArchitectV2Lab.AuthExtensions.csproj", "{A222F68E-37D5-4455-98E5-1565E0311ED7}"
EndProject
Project("{FAE04EC0-301F-11D3-BF4B-00C04F79EFBC}") = "EasyArchitectV2Lab.JWTMiddleware", "EasyArchitectV2Lab.JWTMiddleware\EasyArchitectV2Lab.JWTMiddleware.csproj", "{BE667B1B-93FD-4B15-93A6-29BA5FD029BA}"
EndProject
Project("{FAE04EC0-301F-11D3-BF4B-00C04F79EFBC}") = "EasyArchitectV2Lab.Configuration", "EasyArchitectV2Lab.Configuration\EasyArchitectV2Lab.Configuration.csproj", "{53330DE4-3D75-4264-A5F6-B1647D834FBF}"
EndProject
Global
	GlobalSection(SolutionConfigurationPlatforms) = preSolution
		Debug|Any CPU = Debug|Any CPU
		Release|Any CPU = Release|Any CPU
	EndGlobalSection
	GlobalSection(ProjectConfigurationPlatforms) = postSolution
		{659FE4E0-DF1D-4B77-AD68-0E3C1DAEC7BA}.Debug|Any CPU.ActiveCfg = Debug|Any CPU
		{659FE4E0-DF1D-4B77-AD68-0E3C1DAEC7BA}.Debug|Any CPU.Build.0 = Debug|Any CPU
		{659FE4E0-DF1D-4B77-AD68-0E3C1DAEC7BA}.Release|Any CPU.ActiveCfg = Release|Any CPU
		{659FE4E0-DF1D-4B77-AD68-0E3C1DAEC7BA}.Release|Any CPU.Build.0 = Release|Any CPU
		{61CBF81B-21B2-4D5C-8339-D24D14B745B2}.Debug|Any CPU.ActiveCfg = Debug|Any CPU
		{61CBF81B-21B2-4D5C-8339-D24D14B745B2}.Debug|Any CPU.Build.0 = Debug|Any CPU
		{61CBF81B-21B2-4D5C-8339-D24D14B745B2}.Release|Any CPU.ActiveCfg = Release|Any CPU
		{61CBF81B-21B2-4D5C-8339-D24D14B745B2}.Release|Any CPU.Build.0 = Release|Any CPU
		{71BAD1F7-8F13-40AD-8A9D-95039AF8FCCC}.Debug|Any CPU.ActiveCfg = Debug|Any CPU
		{71BAD1F7-8F13-40AD-8A9D-95039AF8FCCC}.Debug|Any CPU.Build.0 = Debug|Any CPU
		{71BAD1F7-8F13-40AD-8A9D-95039AF8FCCC}.Release|Any CPU.ActiveCfg = Release|Any CPU
		{71BAD1F7-8F13-40AD-8A9D-95039AF8FCCC}.Release|Any CPU.Build.0 = Release|Any CPU
		{02A828DB-6083-43C4-8630-E8AE4FFF8C83}.Debug|Any CPU.ActiveCfg = Debug|Any CPU
		{02A828DB-6083-43C4-8630-E8AE4FFF8C83}.Debug|Any CPU.Build.0 = Debug|Any CPU
		{02A828DB-6083-43C4-8630-E8AE4FFF8C83}.Release|Any CPU.ActiveCfg = Release|Any CPU
		{02A828DB-6083-43C4-8630-E8AE4FFF8C83}.Release|Any CPU.Build.0 = Release|Any CPU
		{E73FC9CB-F920-4EC0-B162-B0FEE10E912D}.Debug|Any CPU.ActiveCfg = Debug|Any CPU
		{E73FC9CB-F920-4EC0-B162-B0FEE10E912D}.Debug|Any CPU.Build.0 = Debug|Any CPU
		{E73FC9CB-F920-4EC0-B162-B0FEE10E912D}.Release|Any CPU.ActiveCfg = Release|Any CPU
		{E73FC9CB-F920-4EC0-B162-B0FEE10E912D}.Release|Any CPU.Build.0 = Release|Any CPU
		{E261A4A0-445F-4BDC-AA46-D3D69FE24881}.Debug|Any CPU.ActiveCfg = Debug|Any CPU
		{E261A4A0-445F-4BDC-AA46-D3D69FE24881}.Debug|Any CPU.Build.0 = Debug|Any CPU
		{E261A4A0-445F-4BDC-AA46-D3D69FE24881}.Release|Any CPU.ActiveCfg = Release|Any CPU
		{E261A4A0-445F-4BDC-AA46-D3D69FE24881}.Release|Any CPU.Build.0 = Release|Any CPU
		{A222F68E-37D5-4455-98E5-1565E0311ED7}.Debug|Any CPU.ActiveCfg = Debug|Any CPU
		{A222F68E-37D5-4455-98E5-1565E0311ED7}.Debug|Any CPU.Build.0 = Debug|Any CPU
		{A222F68E-37D5-4455-98E5-1565E0311ED7}.Release|Any CPU.ActiveCfg = Release|Any CPU
		{A222F68E-37D5-4455-98E5-1565E0311ED7}.Release|Any CPU.Build.0 = Release|Any CPU
		{BE667B1B-93FD-4B15-93A6-29BA5FD029BA}.Debug|Any CPU.ActiveCfg = Debug|Any CPU
		{BE667B1B-93FD-4B15-93A6-29BA5FD029BA}.Debug|Any CPU.Build.0 = Debug|Any CPU
		{BE667B1B-93FD-4B15-93A6-29BA5FD029BA}.Release|Any CPU.ActiveCfg = Release|Any CPU
		{BE667B1B-93FD-4B15-93A6-29BA5FD029BA}.Release|Any CPU.Build.0 = Release|Any CPU
		{53330DE4-3D75-4264-A5F6-B1647D834FBF}.Debug|Any CPU.ActiveCfg = Debug|Any CPU
		{53330DE4-3D75-4264-A5F6-B1647D834FBF}.Debug|Any CPU.Build.0 = Debug|Any CPU
		{53330DE4-3D75-4264-A5F6-B1647D834FBF}.Release|Any CPU.ActiveCfg = Release|Any CPU
		{53330DE4-3D75-4264-A5F6-B1647D834FBF}.Release|Any CPU.Build.0 = Release|Any CPU
	EndGlobalSection
	GlobalSection(SolutionProperties) = preSolution
		HideSolutionNode = FALSE
	EndGlobalSection
	GlobalSection(NestedProjects) = preSolution
		{1F4E98FF-28C4-4C6F-B015-013749A046C4} = {D3A6491B-B6FA-4B35-95D8-2ED816EBF563}
		{D03CFB4B-F180-44A2-AD3B-339694F060D4} = {1F4E98FF-28C4-4C6F-B015-013749A046C4}
		{A79D1A40-2E2D-484F-B838-C154DFD646FB} = {1F4E98FF-28C4-4C6F-B015-013749A046C4}
		{10876382-D961-4401-8E99-0768FA46D216} = {D3A6491B-B6FA-4B35-95D8-2ED816EBF563}
		{288242AF-012D-4BB9-8467-908488417D6B} = {10876382-D961-4401-8E99-0768FA46D216}
		{659FE4E0-DF1D-4B77-AD68-0E3C1DAEC7BA} = {1F4E98FF-28C4-4C6F-B015-013749A046C4}
		{61CBF81B-21B2-4D5C-8339-D24D14B745B2} = {288242AF-012D-4BB9-8467-908488417D6B}
		{71BAD1F7-8F13-40AD-8A9D-95039AF8FCCC} = {1F4E98FF-28C4-4C6F-B015-013749A046C4}
		{447A7090-0E3A-42AC-9623-CDDC52C624F5} = {10876382-D961-4401-8E99-0768FA46D216}
		{02A828DB-6083-43C4-8630-E8AE4FFF8C83} = {A79D1A40-2E2D-484F-B838-C154DFD646FB}
		{E73FC9CB-F920-4EC0-B162-B0FEE10E912D} = {D03CFB4B-F180-44A2-AD3B-339694F060D4}
		{E261A4A0-445F-4BDC-AA46-D3D69FE24881} = {10876382-D961-4401-8E99-0768FA46D216}
		{A222F68E-37D5-4455-98E5-1565E0311ED7} = {10876382-D961-4401-8E99-0768FA46D216}
		{BE667B1B-93FD-4B15-93A6-29BA5FD029BA} = {10876382-D961-4401-8E99-0768FA46D216}
		{53330DE4-3D75-4264-A5F6-B1647D834FBF} = {10876382-D961-4401-8E99-0768FA46D216}
	EndGlobalSection
	GlobalSection(ExtensibilityGlobals) = postSolution
		SolutionGuid = {1D918113-4E7A-45DD-ACC0-DBF5C7EE5C85}
	EndGlobalSection
EndGlobal
